<?xml version="1.0" encoding="utf-8"?>
<Project ToolsVersion="4.0" xmlns="http://schemas.microsoft.com/developer/msbuild/2003">
  <ItemGroup>
    <Filter Include="Source Files">
      <UniqueIdentifier>{4FC737F1-C7A5-4376-A066-2A32D752A2FF}</UniqueIdentifier>
      <Extensions>cpp;c;cc;cxx;c++;cppm;ixx;def;odl;idl;hpj;bat;asm;asmx</Extensions>
    </Filter>
    <Filter Include="Header Files">
      <UniqueIdentifier>{93995380-89BD-4b04-88EB-625FBE52EBFB}</UniqueIdentifier>
      <Extensions>h;hh;hpp;hxx;h++;hm;inl;inc;ipp;xsd</Extensions>
    </Filter>
    <Filter Include="Resource Files">
      <UniqueIdentifier>{67DA6AB6-F800-4c08-8B7A-83BB121AAD01}</UniqueIdentifier>
      <Extensions>rc;ico;cur;bmp;dlg;rc2;rct;bin;rgs;gif;jpg;jpeg;jpe;resx;tiff;tif;png;wav;mfcribbon-ms</Extensions>
    </Filter>
  </ItemGroup>
  <ItemGroup>
    <ClCompile Include="Drinks B.c">
      <Filter>Source Files</Filter>
    </ClCompile>
    <ClCompile Include="Twins.c">
      <Filter>Source Files</Filter>
    </ClCompile>
    <ClCompile Include="Ultra-Fast Mathematician.c">
      <Filter>Source Files</Filter>
    </ClCompile>
    <ClCompile Include="Is your horseshoe on the other hoof.c">
      <Filter>Source Files</Filter>
    </ClCompile>
    <ClCompile Include="Hulk.c">
      <Filter>Source Files</Filter>
    </ClCompile>
    <ClCompile Include="Divisibility Problem.c">
      <Filter>Source Files</Filter>
    </ClCompile>
    <ClCompile Include="Pangram.c">
      <Filter>Source Files</Filter>
    </ClCompile>
    <ClCompile Include="I wanna be the Guy.c">
      <Filter>Source Files</Filter>
    </ClCompile>
    <ClCompile Include="Arrival of the General.c">
      <Filter>Source Files</Filter>
    </ClCompile>
    <ClCompile Include="Hit the Lottery.c">
      <Filter>Source Files</Filter>
    </ClCompile>
    <ClCompile Include="HQ9+.c">
      <Filter>Source Files</Filter>
    </ClCompile>
    <ClCompile Include="Gravity Flip.c">
      <Filter>Source Files</Filter>
    </ClCompile>
    <ClCompile Include="Insomnia Cure.c">
      <Filter>Source Files</Filter>
    </ClCompile>
    <ClCompile Include="Anton and Letters.c">
      <Filter>Source Files</Filter>
    </ClCompile>
    <ClCompile Include="Expression.c">
      <Filter>Source Files</Filter>
    </ClCompile>
    <ClCompile Include="Anton and Polyhedrons.c">
      <Filter>Source Files</Filter>
    </ClCompile>
    <ClCompile Include="Dubstep.c">
      <Filter>Source Files</Filter>
    </ClCompile>
    <ClCompile Include="Games.c">
      <Filter>Source Files</Filter>
    </ClCompile>
    <ClCompile Include="To Zero.c">
      <Filter>Source Files</Filter>
    </ClCompile>
    <ClCompile Include="Setting up Camp.c">
      <Filter>Source Files</Filter>
    </ClCompile>
    <ClCompile Include="Candies and Two Sisters.c">
      <Filter>Source Files</Filter>
    </ClCompile>
    <ClCompile Include="Fox And Snake.c">
      <Filter>Source Files</Filter>
    </ClCompile>
    <ClCompile Include="Amusing Joke.c">
      <Filter>Source Files</Filter>
    </ClCompile>
    <ClCompile Include="Sum of Round Numbers.c">
      <Filter>Source Files</Filter>
    </ClCompile>
    <ClCompile Include="The New Year Meeting Friends.c">
      <Filter>Source Files</Filter>
    </ClCompile>
    <ClCompile Include="Police Recruits.c">
      <Filter>Source Files</Filter>
    </ClCompile>
    <ClCompile Include="Letter.c">
      <Filter>Source Files</Filter>
    </ClCompile>
    <ClCompile Include="New Year and Hurry.c">
      <Filter>Source Files</Filter>
    </ClCompile>
    <ClCompile Include="I_love_username.c">
      <Filter>Source Files</Filter>
    </ClCompile>
    <ClCompile Include="Soft Drinking.c">
      <Filter>Source Files</Filter>
    </ClCompile>
    <ClCompile Include="YES or YES.c">
      <Filter>Source Files</Filter>
    </ClCompile>
    <ClCompile Include="Buy a Shovel.c">
      <Filter>Source Files</Filter>
    </ClCompile>
    <ClCompile Include="Again Twenty Five!.c">
      <Filter>Source Files</Filter>
    </ClCompile>
    <ClCompile Include="Restoring Three Numbers.c">
      <Filter>Source Files</Filter>
    </ClCompile>
    <ClCompile Include="Vasya the Hipster.c">
      <Filter>Source Files</Filter>
    </ClCompile>
    <ClCompile Include="Sereja and Dima.c">
      <Filter>Source Files</Filter>
    </ClCompile>
    <ClCompile Include="Marathon.c">
      <Filter>Source Files</Filter>
    </ClCompile>
    <ClCompile Include="Division.c">
      <Filter>Source Files</Filter>
    </ClCompile>
    <ClCompile Include="Lucky.c">
      <Filter>Source Files</Filter>
    </ClCompile>
    <ClCompile Include="Yet Another Two Integers Problem.c">
      <Filter>Source Files</Filter>
    </ClCompile>
    <ClCompile Include="Superhero Transformation.c">
      <Filter>Source Files</Filter>
    </ClCompile>
    <ClCompile Include="Expensive Number.c">
      <Filter>Source Files</Filter>
    </ClCompile>
    <ClCompile Include="Plus or Minus.c">
      <Filter>Source Files</Filter>
    </ClCompile>
    <ClCompile Include="Borze.c">
      <Filter>Source Files</Filter>
    </ClCompile>
    <ClCompile Include="Spy Detected!.c">
      <Filter>Source Files</Filter>
    </ClCompile>
    <ClCompile Include="IQ Test.c">
      <Filter>Source Files</Filter>
    </ClCompile>
    <ClCompile Include="Kefa and First Steps.c">
      <Filter>Source Files</Filter>
    </ClCompile>
    <ClCompile Include="Codeforces checking.c">
      <Filter>Source Files</Filter>
    </ClCompile>
    <ClCompile Include="Remove Smallest.c">
      <Filter>Source Files</Filter>
    </ClCompile>
    <ClCompile Include="Medium number.c">
      <Filter>Source Files</Filter>
    </ClCompile>
    <ClCompile Include="Odd One Out.c">
      <Filter>Source Files</Filter>
    </ClCompile>
    <ClCompile Include="Holiday of Equality.c">
      <Filter>Source Files</Filter>
    </ClCompile>
    <ClCompile Include="Dislike of Threes.c">
      <Filter>Source Files</Filter>
    </ClCompile>
    <ClCompile Include="Design Tutorial Learn from Math.c">
      <Filter>Source Files</Filter>
    </ClCompile>
    <ClCompile Include="To my Critics.c">
      <Filter>Source Files</Filter>
    </ClCompile>
    <ClCompile Include="Team Olympiad.c">
      <Filter>Source Files</Filter>
    </ClCompile>
    <ClCompile Include="Halloumi Boxes.c">
      <Filter>Source Files</Filter>
    </ClCompile>
    <ClCompile Include="Game with Integers.c">
      <Filter>Source Files</Filter>
    </ClCompile>
    <ClCompile Include="Choosing Teams.c">
      <Filter>Source Files</Filter>
    </ClCompile>
    <ClCompile Include="Jagged Swaps.c">
      <Filter>Source Files</Filter>
    </ClCompile>
    <ClCompile Include="Minimize!.cpp">
      <Filter>Source Files</Filter>
    </ClCompile>
    <ClCompile Include="Creating Words.c">
      <Filter>Source Files</Filter>
    </ClCompile>
    <ClCompile Include="Die Roll.c">
      <Filter>Source Files</Filter>
    </ClCompile>
    <ClCompile Include="Short Sort.c">
      <Filter>Source Files</Filter>
    </ClCompile>
    <ClCompile Include="Cheap Travel.c">
      <Filter>Source Files</Filter>
    </ClCompile>
    <ClCompile Include="cAPS lOCK.c">
      <Filter>Source Files</Filter>
    </ClCompile>
    <ClCompile Include="Short Substrings.c">
      <Filter>Source Files</Filter>
    </ClCompile>
    <ClCompile Include="Spell Check.c">
      <Filter>Source Files</Filter>
    </ClCompile>
    <ClCompile Include="Stair Peak or Neither.c">
      <Filter>Source Files</Filter>
    </ClCompile>
    <ClCompile Include="Blank Space.c">
      <Filter>Source Files</Filter>
    </ClCompile>
    <ClCompile Include="QAQ.c">
      <Filter>Source Files</Filter>
    </ClCompile>
    <ClCompile Include="Balanced Array.c">
      <Filter>Source Files</Filter>
    </ClCompile>
    <ClCompile Include="Love Story.c">
      <Filter>Source Files</Filter>
    </ClCompile>
    <ClCompile Include="Football.c">
      <Filter>Source Files</Filter>
    </ClCompile>
    <ClCompile Include="Square String.c">
      <Filter>Source Files</Filter>
    </ClCompile>
    <ClCompile Include="Mishka and Game.c">
      <Filter>Source Files</Filter>
    </ClCompile>
    <ClCompile Include="Odd Divisor.c">
      <Filter>Source Files</Filter>
    </ClCompile>
    <ClCompile Include="Raising Bacteria.c">
      <Filter>Source Files</Filter>
    </ClCompile>
    <ClCompile Include="Black Sqaure.c">
      <Filter>Source Files</Filter>
    </ClCompile>
    <ClCompile Include="Panoramix%27s Prediction.c">
      <Filter>Source Files</Filter>
    </ClCompile>
    <ClCompile Include="Good Kid.c">
      <Filter>Source Files</Filter>
    </ClCompile>
    <ClCompile Include="How Much Does Daytona Cost.c">
      <Filter>Source Files</Filter>
    </ClCompile>
    <ClCompile Include="Array Coloring.c">
      <Filter>Source Files</Filter>
    </ClCompile>
    <ClCompile Include="Prepend and Append.c">
      <Filter>Source Files</Filter>
    </ClCompile>
    <ClCompile Include="Required Remainder.c">
      <Filter>Source Files</Filter>
    </ClCompile>
    <ClCompile Include="Boring Apartments.c">
      <Filter>Source Files</Filter>
    </ClCompile>
    <ClCompile Include="ICPC Balloons.c">
      <Filter>Source Files</Filter>
    </ClCompile>
    <ClCompile Include="Minutes Before the New Year.c">
      <Filter>Source Files</Filter>
    </ClCompile>
    <ClCompile Include="Plus One on the Subset.c">
      <Filter>Source Files</Filter>
    </ClCompile>
    <ClCompile Include="System of Equations.c">
      <Filter>Source Files</Filter>
    </ClCompile>
    <ClCompile Include="Fair Division.c">
      <Filter>Source Files</Filter>
    </ClCompile>
    <ClCompile Include="Do not be Distracted.c">
      <Filter>Source Files</Filter>
    </ClCompile>
    <ClCompile Include="Vlad and the Best of Five.c">
      <Filter>Source Files</Filter>
    </ClCompile>
    <ClCompile Include="Polycarp and Coins.c">
      <Filter>Source Files</Filter>
    </ClCompile>
    <ClCompile Include="A+B.c">
      <Filter>Source Files</Filter>
    </ClCompile>
    <ClCompile Include="Increasing.c">
      <Filter>Source Files</Filter>
    </ClCompile>
    <ClCompile Include="Minimal Square.c">
      <Filter>Source Files</Filter>
    </ClCompile>
    <ClCompile Include="Fair Playoff.c">
      <Filter>Source Files</Filter>
    </ClCompile>
    <ClCompile Include="Two Arrays and Swaps.c">
      <Filter>Source Files</Filter>
    </ClCompile>
    <ClCompile Include="Equal Candies.c">
      <Filter>Source Files</Filter>
    </ClCompile>
    <ClCompile Include="Collatz Conjecture.c">
      <Filter>Source Files</Filter>
    </ClCompile>
    <ClCompile Include="%28Unsolved%29 Maximum Even Sum.c">
      <Filter>Source Files</Filter>
    </ClCompile>
    <ClCompile Include="My first Sorting Problem.cpp">
      <Filter>Source Files</Filter>
    </ClCompile>
    <ClCompile Include="Bachgold Problem.cpp">
      <Filter>Source Files</Filter>
    </ClCompile>
    <ClCompile Include="Brain%27s Photos.cpp">
      <Filter>Source Files</Filter>
    </ClCompile>
    <ClCompile Include="Easy Problem.cpp">
      <Filter>Source Files</Filter>
    </ClCompile>
    <ClCompile Include="Maximum Multiple Sum.cpp">
      <Filter>Source Files</Filter>
    </ClCompile>
    <ClCompile Include="Colourblindness.cpp">
      <Filter>Source Files</Filter>
    </ClCompile>
    <ClCompile Include="Buttons.cpp">
      <Filter>Source Files</Filter>
    </ClCompile>
    <ClCompile Include="Mahmoud and Ehab and the even-odd game.cpp">
      <Filter>Source Files</Filter>
    </ClCompile>
    <ClCompile Include="Legs.cpp">
      <Filter>Source Files</Filter>
    </ClCompile>
    <ClCompile Include="Floor Number.cpp">
      <Filter>Source Files</Filter>
    </ClCompile>
    <ClCompile Include="Triple.cpp">
      <Filter>Source Files</Filter>
    </ClCompile>
    <ClCompile Include="Where%27s the Bishop.cpp">
      <Filter>Source Files</Filter>
    </ClCompile>
    <ClCompile Include="Honest Coach.cpp">
      <Filter>Source Files</Filter>
    </ClCompile>
    <ClCompile Include="Sublime Sequence.cpp">
      <Filter>Source Files</Filter>
    </ClCompile>
    <ClCompile Include="Destruction of the Dandelion Fields.cpp">
      <Filter>Source Files</Filter>
    </ClCompile>
    <ClCompile Include="Lasers.cpp">
      <Filter>Source Files</Filter>
    </ClCompile>
    <ClCompile Include="osu!mania.cpp">
      <Filter>Source Files</Filter>
    </ClCompile>
    <ClCompile Include="Maximum Increase.cpp">
      <Filter>Source Files</Filter>
    </ClCompile>
    <ClCompile Include="Can I Square.cpp">
      <Filter>Source Files</Filter>
    </ClCompile>
    <ClCompile Include="Not Quite Latin Square.cpp">
      <Filter>Source Files</Filter>
    </ClCompile>
    <ClCompile Include="Odd Set.cpp">
      <Filter>Source Files</Filter>
    </ClCompile>
    <ClCompile Include="Skibidus and Amog%27u.cpp">
      <Filter>Source Files</Filter>
    </ClCompile>
    <ClCompile Include="Square.cpp">
      <Filter>Source Files</Filter>
    </ClCompile>
    <ClCompile Include="Atilla%27s Favorite Problem.cpp">
      <Filter>Source Files</Filter>
    </ClCompile>
    <ClCompile Include="Make it White.cpp">
      <Filter>Source Files</Filter>
    </ClCompile>
    <ClCompile Include="Yogurt Sale.cpp">
      <Filter>Source Files</Filter>
    </ClCompile>
    <ClCompile Include="Word on the Paper.cpp">
      <Filter>Source Files</Filter>
    </ClCompile>
    <ClCompile Include="Dragons.cpp">
      <Filter>Source Files</Filter>
    </ClCompile>
    <ClCompile Include="Don%27t Try to Count.cpp">
      <Filter>Source Files</Filter>
    </ClCompile>
    <ClCompile Include="Following Directions.cpp">
      <Filter>Source Files</Filter>
    </ClCompile>
    <ClCompile Include="Trippi Troppi.cpp">
      <Filter>Source Files</Filter>
    </ClCompile>
    <ClCompile Include="Array with Odd Sum.cpp">
      <Filter>Source Files</Filter>
    </ClCompile>
    <ClCompile Include="X Axis.cpp">
      <Filter>Source Files</Filter>
    </ClCompile>
    <ClCompile Include="Add Odd or Subtract Even.cpp">
      <Filter>Source Files</Filter>
    </ClCompile>
    <ClCompile Include="Only Pluses.cpp">
      <Filter>Source Files</Filter>
    </ClCompile>
    <ClCompile Include="Only One Digit.cpp">
      <Filter>Source Files</Filter>
    </ClCompile>
    <ClCompile Include="C+=.cpp">
      <Filter>Source Files</Filter>
    </ClCompile>
    <ClCompile Include="Coins.cpp">
      <Filter>Source Files</Filter>
    </ClCompile>
    <ClCompile Include="One and Two.cpp">
      <Filter>Source Files</Filter>
    </ClCompile>
    <ClCompile Include="Normal Problem.cpp">
      <Filter>Source Files</Filter>
    </ClCompile>
    <ClCompile Include="File Name.cpp">
      <Filter>Source Files</Filter>
    </ClCompile>
    <ClCompile Include="Ten Words of Wisdom.cpp">
      <Filter>Source Files</Filter>
    </ClCompile>
    <ClCompile Include="Favorite Sequence.cpp">
      <Filter>Source Files</Filter>
    </ClCompile>
    <ClCompile Include="Elections.cpp">
      <Filter>Source Files</Filter>
    </ClCompile>
    <ClCompile Include="Problem Generator.cpp">
      <Filter>Source Files</Filter>
    </ClCompile>
    <ClCompile Include="Free Ice Cream.cpp">
      <Filter>Source Files</Filter>
    </ClCompile>
    <ClCompile Include="Draw a Square.cpp">
      <Filter>Source Files</Filter>
    </ClCompile>
    <ClCompile Include="Quintomania.cpp">
      <Filter>Source Files</Filter>
    </ClCompile>
    <ClCompile Include="Primary Task.cpp">
      <Filter>Source Files</Filter>
    </ClCompile>
    <ClCompile Include="Erasing Zeroes.cpp">
      <Filter>Source Files</Filter>
    </ClCompile>
    <ClCompile Include="Odd Even Increments.cpp">
      <Filter>Source Files</Filter>
    </ClCompile>
    <ClCompile Include="Ambitious Kid.cpp">
      <Filter>Source Files</Filter>
    </ClCompile>
    <ClCompile Include="Two Elevators.cpp">
      <Filter>Source Files</Filter>
    </ClCompile>
    <ClCompile Include="Scale.cpp">
      <Filter>Source Files</Filter>
    </ClCompile>
    <ClCompile Include="Hard Problem.cpp">
      <Filter>Source Files</Filter>
    </ClCompile>
    <ClCompile Include="Make it Beautiful.cpp">
      <Filter>Source Files</Filter>
    </ClCompile>
    <ClCompile Include="Turtle Math Fast Three Task.cpp">
      <Filter>Source Files</Filter>
    </ClCompile>
    <ClCompile Include="Rook.cpp">
      <Filter>Source Files</Filter>
    </ClCompile>
    <ClCompile Include="Fafa and his Company.cpp">
      <Filter>Source Files</Filter>
    </ClCompile>
    <ClCompile Include="Gennady and a Card Game.cpp">
      <Filter>Source Files</Filter>
    </ClCompile>
    <ClCompile Include="Vus the Cossack and a Contest.cpp">
      <Filter>Source Files</Filter>
    </ClCompile>
    <ClCompile Include="Chemistry.cpp">
      <Filter>Source Files</Filter>
    </ClCompile>
    <ClCompile Include="Goals of Victory.cpp">
      <Filter>Source Files</Filter>
    </ClCompile>
    <ClCompile Include="Extremely Round.cpp">
      <Filter>Source Files</Filter>
    </ClCompile>
    <ClCompile Include="Casimir%27s String Solitaire.cpp">
      <Filter>Source Files</Filter>
    </ClCompile>
    <ClCompile Include="Target Practice.cpp">
      <Filter>Source Files</Filter>
    </ClCompile>
    <ClCompile Include="Everybody Likes Good Arrays!.cpp">
      <Filter>Source Files</Filter>
    </ClCompile>
    <ClCompile Include="Forbidden Integer.cpp">
      <Filter>Source Files</Filter>
    </ClCompile>
    <ClCompile Include="string.cpp">
      <Filter>Source Files</Filter>
    </ClCompile>
    <ClCompile Include="Desorting.cpp">
      <Filter>Source Files</Filter>
    </ClCompile>
    <ClCompile Include="Unit Array.cpp">
      <Filter>Source Files</Filter>
    </ClCompile>
  </ItemGroup>
</Project>